
Microsoft Visual Studio Solution File, Format Version 12.00
# Visual Studio Version 17
VisualStudioVersion = 17.14.36327.8 d17.14
MinimumVisualStudioVersion = 10.0.40219.1
Project("{FAE04EC0-301F-11D3-BF4B-00C04F79EFBC}") = "TaskMvc", "TaskMvc\TaskMvc.csproj", "{01892286-894B-421B-99D0-B70D0B291AEF}"
EndProject
Global
	GlobalSection(SolutionConfigurationPlatforms) = preSolution
		Debug|Any CPU = Debug|Any CPU
		Release|Any CPU = Release|Any CPU
	EndGlobalSection
	GlobalSection(ProjectConfigurationPlatforms) = postSolution
		{01892286-894B-421B-99D0-B70D0B291AEF}.Debug|Any CPU.ActiveCfg = Debug|Any CPU
		{01892286-894B-421B-99D0-B70D0B291AEF}.Debug|Any CPU.Build.0 = Debug|Any CPU
		{01892286-894B-421B-99D0-B70D0B291AEF}.Release|Any CPU.ActiveCfg = Release|Any CPU
		{01892286-894B-421B-99D0-B70D0B291AEF}.Release|Any CPU.Build.0 = Release|Any CPU
	EndGlobalSection
	GlobalSection(SolutionProperties) = preSolution
		HideSolutionNode = FALSE
	EndGlobalSection
	GlobalSection(ExtensibilityGlobals) = postSolution
		SolutionGuid = {7D3AA483-2BDA-4E22-B9A8-1E361A24E19C}
	EndGlobalSection
EndGlobal
