
Microsoft Visual Studio Solution File, Format Version 12.00
# Visual Studio Version 17
VisualStudioVersion = 17.14.36327.8 d17.14
MinimumVisualStudioVersion = 10.0.40219.1
Project("{FAE04EC0-301F-11D3-BF4B-00C04F79EFBC}") = "PracticeProject", "PracticeProject\PracticeProject.csproj", "{A069AD02-2515-4E20-A9B1-478E61EE88FC}"
EndProject
Global
	GlobalSection(SolutionConfigurationPlatforms) = preSolution
		Debug|Any CPU = Debug|Any CPU
		Release|Any CPU = Release|Any CPU
	EndGlobalSection
	GlobalSection(ProjectConfigurationPlatforms) = postSolution
		{A069AD02-2515-4E20-A9B1-478E61EE88FC}.Debug|Any CPU.ActiveCfg = Debug|Any CPU
		{A069AD02-2515-4E20-A9B1-478E61EE88FC}.Debug|Any CPU.Build.0 = Debug|Any CPU
		{A069AD02-2515-4E20-A9B1-478E61EE88FC}.Release|Any CPU.ActiveCfg = Release|Any CPU
		{A069AD02-2515-4E20-A9B1-478E61EE88FC}.Release|Any CPU.Build.0 = Release|Any CPU
	EndGlobalSection
	GlobalSection(SolutionProperties) = preSolution
		HideSolutionNode = FALSE
	EndGlobalSection
	GlobalSection(ExtensibilityGlobals) = postSolution
		SolutionGuid = {BF7D7CE9-77FA-4F62-8E41-EEF4A5B2C7B8}
	EndGlobalSection
EndGlobal
